
Microsoft Visual Studio Solution File, Format Version 10.00
# Visual Studio 2008
Project("{FAE04EC0-301F-11D3-BF4B-00C04F79EFBC}") = "Skilful", "Skilful.csproj", "{F634E89F-8A3F-4BEE-8E4B-8A824A8A72F6}"
	ProjectSection(ProjectDependencies) = postProject
		{0C91040B-AAEF-4DE8-8EF4-B97C6C5D1A31} = {0C91040B-AAEF-4DE8-8EF4-B97C6C5D1A31}
		{D75FFD15-8A36-40C1-9C95-3DFFA9FAB3E9} = {D75FFD15-8A36-40C1-9C95-3DFFA9FAB3E9}
		{001D2D3C-A765-4C16-A2BE-4EB1E6DCA07B} = {001D2D3C-A765-4C16-A2BE-4EB1E6DCA07B}
		{C91B5167-80A1-4D46-BE47-6EDB792E22D2} = {C91B5167-80A1-4D46-BE47-6EDB792E22D2}
		{367FBF72-E5D5-4184-A6F4-D143822DC754} = {367FBF72-E5D5-4184-A6F4-D143822DC754}
		{45EA6FD9-1C5F-4898-9D76-A1763C8473E8} = {45EA6FD9-1C5F-4898-9D76-A1763C8473E8}
	EndProjectSection
EndProject
Project("{FAE04EC0-301F-11D3-BF4B-00C04F79EFBC}") = "MetastockTxt", "Data\DataSourceLibraries\MetastockTxt\MetastockTxt.csproj", "{45EA6FD9-1C5F-4898-9D76-A1763C8473E8}"
EndProject
Project("{FAE04EC0-301F-11D3-BF4B-00C04F79EFBC}") = "mt4text", "Data\DataSourceLibraries\mt4prn\mt4text.csproj", "{C91B5167-80A1-4D46-BE47-6EDB792E22D2}"
EndProject
Project("{FAE04EC0-301F-11D3-BF4B-00C04F79EFBC}") = "RumusTxt", "Data\DataSourceLibraries\RumusTxt\RumusTxt.csproj", "{367FBF72-E5D5-4184-A6F4-D143822DC754}"
EndProject
Project("{FAE04EC0-301F-11D3-BF4B-00C04F79EFBC}") = "randgen_rtserv", "Data\DataSourceLibraries\randomgen\randgen_rtserv.csproj", "{8918E8BF-86FB-48C1-AEC6-8168253BCF50}"
EndProject
Project("{FAE04EC0-301F-11D3-BF4B-00C04F79EFBC}") = "randlib", "Data\DataSourceLibraries\randomlib\randlib.csproj", "{D5449422-C59E-4E83-AD22-3562EE4E7790}"
EndProject
Project("{FAE04EC0-301F-11D3-BF4B-00C04F79EFBC}") = "dukascopylib", "Data\DataSourceLibraries\dukas\dukascopylib.csproj", "{FE2154F6-AACB-42D0-91FF-45E58142224D}"
EndProject
Project("{FAE04EC0-301F-11D3-BF4B-00C04F79EFBC}") = "mt4prx", "Data\DataSourceLibraries\mt4proxy\mt4prx.csproj", "{0C91040B-AAEF-4DE8-8EF4-B97C6C5D1A31}"
EndProject
Project("{FAE04EC0-301F-11D3-BF4B-00C04F79EFBC}") = "MetastockPrn", "Data\DataSourceLibraries\MetastockPrn\MetastockPrn.csproj", "{D75FFD15-8A36-40C1-9C95-3DFFA9FAB3E9}"
EndProject
Project("{FAE04EC0-301F-11D3-BF4B-00C04F79EFBC}") = "TextFiles", "Data\DataSourceLibraries\TextFiles\TextFiles.csproj", "{001D2D3C-A765-4C16-A2BE-4EB1E6DCA07B}"
EndProject
Global
	GlobalSection(SolutionConfigurationPlatforms) = preSolution
		Debug|Any CPU = Debug|Any CPU
		Debug|x86 = Debug|x86
		Release|Any CPU = Release|Any CPU
		Release|x86 = Release|x86
	EndGlobalSection
	GlobalSection(ProjectConfigurationPlatforms) = postSolution
		{F634E89F-8A3F-4BEE-8E4B-8A824A8A72F6}.Debug|Any CPU.ActiveCfg = Debug|Any CPU
		{F634E89F-8A3F-4BEE-8E4B-8A824A8A72F6}.Debug|Any CPU.Build.0 = Debug|Any CPU
		{F634E89F-8A3F-4BEE-8E4B-8A824A8A72F6}.Debug|x86.ActiveCfg = Debug|x86
		{F634E89F-8A3F-4BEE-8E4B-8A824A8A72F6}.Debug|x86.Build.0 = Debug|x86
		{F634E89F-8A3F-4BEE-8E4B-8A824A8A72F6}.Release|Any CPU.ActiveCfg = Release|Any CPU
		{F634E89F-8A3F-4BEE-8E4B-8A824A8A72F6}.Release|Any CPU.Build.0 = Release|Any CPU
		{F634E89F-8A3F-4BEE-8E4B-8A824A8A72F6}.Release|x86.ActiveCfg = Release|x86
		{F634E89F-8A3F-4BEE-8E4B-8A824A8A72F6}.Release|x86.Build.0 = Release|x86
		{45EA6FD9-1C5F-4898-9D76-A1763C8473E8}.Debug|Any CPU.ActiveCfg = Debug|Any CPU
		{45EA6FD9-1C5F-4898-9D76-A1763C8473E8}.Debug|Any CPU.Build.0 = Debug|Any CPU
		{45EA6FD9-1C5F-4898-9D76-A1763C8473E8}.Debug|x86.ActiveCfg = Debug|x86
		{45EA6FD9-1C5F-4898-9D76-A1763C8473E8}.Debug|x86.Build.0 = Debug|x86
		{45EA6FD9-1C5F-4898-9D76-A1763C8473E8}.Release|Any CPU.ActiveCfg = Release|Any CPU
		{45EA6FD9-1C5F-4898-9D76-A1763C8473E8}.Release|Any CPU.Build.0 = Release|Any CPU
		{45EA6FD9-1C5F-4898-9D76-A1763C8473E8}.Release|x86.ActiveCfg = Release|x86
		{45EA6FD9-1C5F-4898-9D76-A1763C8473E8}.Release|x86.Build.0 = Release|x86
		{C91B5167-80A1-4D46-BE47-6EDB792E22D2}.Debug|Any CPU.ActiveCfg = Debug|Any CPU
		{C91B5167-80A1-4D46-BE47-6EDB792E22D2}.Debug|Any CPU.Build.0 = Debug|Any CPU
		{C91B5167-80A1-4D46-BE47-6EDB792E22D2}.Debug|x86.ActiveCfg = Debug|x86
		{C91B5167-80A1-4D46-BE47-6EDB792E22D2}.Debug|x86.Build.0 = Debug|x86
		{C91B5167-80A1-4D46-BE47-6EDB792E22D2}.Release|Any CPU.ActiveCfg = Release|Any CPU
		{C91B5167-80A1-4D46-BE47-6EDB792E22D2}.Release|Any CPU.Build.0 = Release|Any CPU
		{C91B5167-80A1-4D46-BE47-6EDB792E22D2}.Release|x86.ActiveCfg = Release|x86
		{C91B5167-80A1-4D46-BE47-6EDB792E22D2}.Release|x86.Build.0 = Release|x86
		{367FBF72-E5D5-4184-A6F4-D143822DC754}.Debug|Any CPU.ActiveCfg = Debug|Any CPU
		{367FBF72-E5D5-4184-A6F4-D143822DC754}.Debug|Any CPU.Build.0 = Debug|Any CPU
		{367FBF72-E5D5-4184-A6F4-D143822DC754}.Debug|x86.ActiveCfg = Debug|x86
		{367FBF72-E5D5-4184-A6F4-D143822DC754}.Debug|x86.Build.0 = Debug|x86
		{367FBF72-E5D5-4184-A6F4-D143822DC754}.Release|Any CPU.ActiveCfg = Release|Any CPU
		{367FBF72-E5D5-4184-A6F4-D143822DC754}.Release|Any CPU.Build.0 = Release|Any CPU
		{367FBF72-E5D5-4184-A6F4-D143822DC754}.Release|x86.ActiveCfg = Release|x86
		{367FBF72-E5D5-4184-A6F4-D143822DC754}.Release|x86.Build.0 = Release|x86
		{8918E8BF-86FB-48C1-AEC6-8168253BCF50}.Debug|Any CPU.ActiveCfg = Debug|Any CPU
		{8918E8BF-86FB-48C1-AEC6-8168253BCF50}.Debug|Any CPU.Build.0 = Debug|Any CPU
		{8918E8BF-86FB-48C1-AEC6-8168253BCF50}.Debug|x86.ActiveCfg = Debug|x86
		{8918E8BF-86FB-48C1-AEC6-8168253BCF50}.Debug|x86.Build.0 = Debug|x86
		{8918E8BF-86FB-48C1-AEC6-8168253BCF50}.Release|Any CPU.ActiveCfg = Release|Any CPU
		{8918E8BF-86FB-48C1-AEC6-8168253BCF50}.Release|Any CPU.Build.0 = Release|Any CPU
		{8918E8BF-86FB-48C1-AEC6-8168253BCF50}.Release|x86.ActiveCfg = Release|x86
		{8918E8BF-86FB-48C1-AEC6-8168253BCF50}.Release|x86.Build.0 = Release|x86
		{D5449422-C59E-4E83-AD22-3562EE4E7790}.Debug|Any CPU.ActiveCfg = Debug|Any CPU
		{D5449422-C59E-4E83-AD22-3562EE4E7790}.Debug|Any CPU.Build.0 = Debug|Any CPU
		{D5449422-C59E-4E83-AD22-3562EE4E7790}.Debug|x86.ActiveCfg = Debug|x86
		{D5449422-C59E-4E83-AD22-3562EE4E7790}.Debug|x86.Build.0 = Debug|x86
		{D5449422-C59E-4E83-AD22-3562EE4E7790}.Release|Any CPU.ActiveCfg = Release|Any CPU
		{D5449422-C59E-4E83-AD22-3562EE4E7790}.Release|Any CPU.Build.0 = Release|Any CPU
		{D5449422-C59E-4E83-AD22-3562EE4E7790}.Release|x86.ActiveCfg = Release|x86
		{D5449422-C59E-4E83-AD22-3562EE4E7790}.Release|x86.Build.0 = Release|x86
		{FE2154F6-AACB-42D0-91FF-45E58142224D}.Debug|Any CPU.ActiveCfg = Debug|Any CPU
		{FE2154F6-AACB-42D0-91FF-45E58142224D}.Debug|Any CPU.Build.0 = Debug|Any CPU
		{FE2154F6-AACB-42D0-91FF-45E58142224D}.Debug|x86.ActiveCfg = Debug|x86
		{FE2154F6-AACB-42D0-91FF-45E58142224D}.Debug|x86.Build.0 = Debug|x86
		{FE2154F6-AACB-42D0-91FF-45E58142224D}.Release|Any CPU.ActiveCfg = Release|Any CPU
		{FE2154F6-AACB-42D0-91FF-45E58142224D}.Release|Any CPU.Build.0 = Release|Any CPU
		{FE2154F6-AACB-42D0-91FF-45E58142224D}.Release|x86.ActiveCfg = Release|x86
		{FE2154F6-AACB-42D0-91FF-45E58142224D}.Release|x86.Build.0 = Release|x86
		{0C91040B-AAEF-4DE8-8EF4-B97C6C5D1A31}.Debug|Any CPU.ActiveCfg = Debug|Any CPU
		{0C91040B-AAEF-4DE8-8EF4-B97C6C5D1A31}.Debug|Any CPU.Build.0 = Debug|Any CPU
		{0C91040B-AAEF-4DE8-8EF4-B97C6C5D1A31}.Debug|x86.ActiveCfg = Debug|x86
		{0C91040B-AAEF-4DE8-8EF4-B97C6C5D1A31}.Debug|x86.Build.0 = Debug|x86
		{0C91040B-AAEF-4DE8-8EF4-B97C6C5D1A31}.Release|Any CPU.ActiveCfg = Release|Any CPU
		{0C91040B-AAEF-4DE8-8EF4-B97C6C5D1A31}.Release|Any CPU.Build.0 = Release|Any CPU
		{0C91040B-AAEF-4DE8-8EF4-B97C6C5D1A31}.Release|x86.ActiveCfg = Release|x86
		{0C91040B-AAEF-4DE8-8EF4-B97C6C5D1A31}.Release|x86.Build.0 = Release|x86
		{D75FFD15-8A36-40C1-9C95-3DFFA9FAB3E9}.Debug|Any CPU.ActiveCfg = Debug|Any CPU
		{D75FFD15-8A36-40C1-9C95-3DFFA9FAB3E9}.Debug|Any CPU.Build.0 = Debug|Any CPU
		{D75FFD15-8A36-40C1-9C95-3DFFA9FAB3E9}.Debug|x86.ActiveCfg = Debug|x86
		{D75FFD15-8A36-40C1-9C95-3DFFA9FAB3E9}.Debug|x86.Build.0 = Debug|x86
		{D75FFD15-8A36-40C1-9C95-3DFFA9FAB3E9}.Release|Any CPU.ActiveCfg = Release|Any CPU
		{D75FFD15-8A36-40C1-9C95-3DFFA9FAB3E9}.Release|Any CPU.Build.0 = Release|Any CPU
		{D75FFD15-8A36-40C1-9C95-3DFFA9FAB3E9}.Release|x86.ActiveCfg = Release|x86
		{D75FFD15-8A36-40C1-9C95-3DFFA9FAB3E9}.Release|x86.Build.0 = Release|x86
		{001D2D3C-A765-4C16-A2BE-4EB1E6DCA07B}.Debug|Any CPU.ActiveCfg = Debug|Any CPU
		{001D2D3C-A765-4C16-A2BE-4EB1E6DCA07B}.Debug|Any CPU.Build.0 = Debug|Any CPU
		{001D2D3C-A765-4C16-A2BE-4EB1E6DCA07B}.Debug|x86.ActiveCfg = Debug|x86
		{001D2D3C-A765-4C16-A2BE-4EB1E6DCA07B}.Debug|x86.Build.0 = Debug|x86
		{001D2D3C-A765-4C16-A2BE-4EB1E6DCA07B}.Release|Any CPU.ActiveCfg = Release|Any CPU
		{001D2D3C-A765-4C16-A2BE-4EB1E6DCA07B}.Release|Any CPU.Build.0 = Release|Any CPU
		{001D2D3C-A765-4C16-A2BE-4EB1E6DCA07B}.Release|x86.ActiveCfg = Release|x86
		{001D2D3C-A765-4C16-A2BE-4EB1E6DCA07B}.Release|x86.Build.0 = Release|x86
	EndGlobalSection
	GlobalSection(SolutionProperties) = preSolution
		HideSolutionNode = FALSE
	EndGlobalSection
EndGlobal
